
Microsoft Visual Studio Solution File, Format Version 12.00
# Visual Studio Version 16
VisualStudioVersion = 16.0.29806.167
MinimumVisualStudioVersion = 10.0.40219.1
Project("{FAE04EC0-301F-11D3-BF4B-00C04F79EFBC}") = "EsportMVC", "EsportMVC.csproj", "{45361F8B-B755-4C70-9053-F7AD42D19CB0}"
EndProject
Global
	GlobalSection(SolutionConfigurationPlatforms) = preSolution
		Debug|Any CPU = Debug|Any CPU
		Release|Any CPU = Release|Any CPU
	EndGlobalSection
	GlobalSection(ProjectConfigurationPlatforms) = postSolution
		{45361F8B-B755-4C70-9053-F7AD42D19CB0}.Debug|Any CPU.ActiveCfg = Debug|Any CPU
		{45361F8B-B755-4C70-9053-F7AD42D19CB0}.Debug|Any CPU.Build.0 = Debug|Any CPU
		{45361F8B-B755-4C70-9053-F7AD42D19CB0}.Release|Any CPU.ActiveCfg = Release|Any CPU
		{45361F8B-B755-4C70-9053-F7AD42D19CB0}.Release|Any CPU.Build.0 = Release|Any CPU
	EndGlobalSection
	GlobalSection(SolutionProperties) = preSolution
		HideSolutionNode = FALSE
	EndGlobalSection
	GlobalSection(ExtensibilityGlobals) = postSolution
		SolutionGuid = {BF05E862-05F4-47AA-BD29-528F9AAA3271}
	EndGlobalSection
EndGlobal
